
Microsoft Visual Studio Solution File, Format Version 12.00
# Visual Studio Version 16
VisualStudioVersion = 16.0.31729.503
MinimumVisualStudioVersion = 10.0.40219.1
Project("{FAE04EC0-301F-11D3-BF4B-00C04F79EFBC}") = "Zones", "Zones.csproj", "{266471E8-37AC-4752-8150-318AFC3F5EB2}"
EndProject
Global
	GlobalSection(SolutionConfigurationPlatforms) = preSolution
		Debug|Any CPU = Debug|Any CPU
		Release|Any CPU = Release|Any CPU
	EndGlobalSection
	GlobalSection(ProjectConfigurationPlatforms) = postSolution
		{266471E8-37AC-4752-8150-318AFC3F5EB2}.Debug|Any CPU.ActiveCfg = Debug|Any CPU
		{266471E8-37AC-4752-8150-318AFC3F5EB2}.Debug|Any CPU.Build.0 = Debug|Any CPU
		{266471E8-37AC-4752-8150-318AFC3F5EB2}.Release|Any CPU.ActiveCfg = Release|Any CPU
		{266471E8-37AC-4752-8150-318AFC3F5EB2}.Release|Any CPU.Build.0 = Release|Any CPU
	EndGlobalSection
	GlobalSection(SolutionProperties) = preSolution
		HideSolutionNode = FALSE
	EndGlobalSection
	GlobalSection(ExtensibilityGlobals) = postSolution
		SolutionGuid = {0AABECD6-E5F3-4EF4-A5C5-9A5878EEE984}
	EndGlobalSection
EndGlobal
